
Microsoft Visual Studio Solution File, Format Version 12.00
# Visual Studio Version 17
VisualStudioVersion = 17.2.32602.215
MinimumVisualStudioVersion = 10.0.40219.1
Project("{FAE04EC0-301F-11D3-BF4B-00C04F79EFBC}") = "P1", "P1\P1.csproj", "{CE811607-E892-4CA0-A2C6-CE3B7E58FED4}"
EndProject
Global
	GlobalSection(SolutionConfigurationPlatforms) = preSolution
		Debug|Any CPU = Debug|Any CPU
		Release|Any CPU = Release|Any CPU
	EndGlobalSection
	GlobalSection(ProjectConfigurationPlatforms) = postSolution
		{CE811607-E892-4CA0-A2C6-CE3B7E58FED4}.Debug|Any CPU.ActiveCfg = Debug|Any CPU
		{CE811607-E892-4CA0-A2C6-CE3B7E58FED4}.Debug|Any CPU.Build.0 = Debug|Any CPU
		{CE811607-E892-4CA0-A2C6-CE3B7E58FED4}.Release|Any CPU.ActiveCfg = Release|Any CPU
		{CE811607-E892-4CA0-A2C6-CE3B7E58FED4}.Release|Any CPU.Build.0 = Release|Any CPU
	EndGlobalSection
	GlobalSection(SolutionProperties) = preSolution
		HideSolutionNode = FALSE
	EndGlobalSection
	GlobalSection(ExtensibilityGlobals) = postSolution
		SolutionGuid = {2735FAF2-A242-4375-B871-3643B8DA5FE2}
	EndGlobalSection
EndGlobal
